
Microsoft Visual Studio Solution File, Format Version 12.00
# Visual Studio Version 17
VisualStudioVersion = 17.1.31911.260
MinimumVisualStudioVersion = 10.0.40219.1
Project("{FAE04EC0-301F-11D3-BF4B-00C04F79EFBC}") = "CoolapkLite", "CoolapkLite\CoolapkLite\CoolapkLite.csproj", "{28B03118-53BB-4914-A1C0-F3CD55786CE3}"
EndProject
Project("{9A19103F-16F7-4668-BE54-9A1E7A4F7556}") = "BCrypt.Net", "CoolapkLite\BCrypt.Net\BCrypt.Net.csproj", "{001D1687-3E63-4B1A-8D4C-A9BB3631A511}"
EndProject
Project("{2150E333-8FDC-42A3-9474-1A3956D46DE8}") = "Libs", "Libs", "{E432C8EA-A01C-4A83-AF73-B0CCCA0DB2E3}"
EndProject
Project("{2150E333-8FDC-42A3-9474-1A3956D46DE8}") = "WindowsCommunityToolkit", "WindowsCommunityToolkit", "{D1A49116-7A2D-468A-9465-70E674DF9D87}"
EndProject
Project("{9A19103F-16F7-4668-BE54-9A1E7A4F7556}") = "Microsoft.Toolkit.Uwp", "CoolapkLite\WindowsCommunityToolkit\Microsoft.Toolkit.Uwp\Microsoft.Toolkit.Uwp.csproj", "{1AD7F6E4-AF6F-49EF-B34A-DDF1C1A8A552}"
EndProject
Project("{9A19103F-16F7-4668-BE54-9A1E7A4F7556}") = "Microsoft.Toolkit.Uwp.Connectivity", "CoolapkLite\WindowsCommunityToolkit\Microsoft.Toolkit.Uwp.Connectivity\Microsoft.Toolkit.Uwp.Connectivity.csproj", "{F93632AC-32F7-48BA-ACAD-931193219710}"
EndProject
Project("{9A19103F-16F7-4668-BE54-9A1E7A4F7556}") = "Microsoft.Toolkit.Uwp.UI", "CoolapkLite\WindowsCommunityToolkit\Microsoft.Toolkit.Uwp.UI\Microsoft.Toolkit.Uwp.UI.csproj", "{EEF324EB-2E17-4607-A769-40D71ECA4B6D}"
EndProject
Project("{9A19103F-16F7-4668-BE54-9A1E7A4F7556}") = "Microsoft.Toolkit.Uwp.UI.Controls.Core", "CoolapkLite\WindowsCommunityToolkit\Microsoft.Toolkit.Uwp.UI.Controls.Core\Microsoft.Toolkit.Uwp.UI.Controls.Core.csproj", "{F2D75DE7-964A-4727-980B-A9AA3B0F0B32}"
EndProject
Project("{9A19103F-16F7-4668-BE54-9A1E7A4F7556}") = "Microsoft.Toolkit.Uwp.UI.Controls.Primitives", "CoolapkLite\WindowsCommunityToolkit\Microsoft.Toolkit.Uwp.UI.Controls.Primitives\Microsoft.Toolkit.Uwp.UI.Controls.Primitives.csproj", "{6DAC036C-4F1F-490C-8857-A147EBD1B8A9}"
EndProject
Project("{2150E333-8FDC-42A3-9474-1A3956D46DE8}") = "ColorCode-Universal", "ColorCode-Universal", "{9CA7715B-7F0E-4947-9D64-C04E3DE39F48}"
EndProject
Project("{9A19103F-16F7-4668-BE54-9A1E7A4F7556}") = "ColorCode.Core", "CoolapkLite\ColorCode-Universal\ColorCode.Core\ColorCode.Core.csproj", "{120D400D-3195-462B-907C-B8F846865002}"
EndProject
Project("{9A19103F-16F7-4668-BE54-9A1E7A4F7556}") = "ColorCode.UWP", "CoolapkLite\ColorCode-Universal\ColorCode.UWP\ColorCode.UWP.csproj", "{083A5354-657B-4C9F-8805-467D4B546D3E}"
EndProject
Project("{9A19103F-16F7-4668-BE54-9A1E7A4F7556}") = "Microsoft.Toolkit.Uwp.UI.Controls.Markdown", "CoolapkLite\WindowsCommunityToolkit\Microsoft.Toolkit.Uwp.UI.Controls.Markdown\Microsoft.Toolkit.Uwp.UI.Controls.Markdown.csproj", "{0CA3F020-2957-4465-83B5-55537C0BCAB9}"
EndProject
Project("{9A19103F-16F7-4668-BE54-9A1E7A4F7556}") = "Microsoft.Toolkit.Uwp.UI.Controls.DataGrid", "CoolapkLite\WindowsCommunityToolkit\Microsoft.Toolkit.Uwp.UI.Controls.DataGrid\Microsoft.Toolkit.Uwp.UI.Controls.DataGrid.csproj", "{F73E00D5-9B4C-42B5-8C1D-2699C108352D}"
EndProject
Project("{9A19103F-16F7-4668-BE54-9A1E7A4F7556}") = "Microsoft.Toolkit.Uwp.Notifications", "CoolapkLite\WindowsCommunityToolkit\Microsoft.Toolkit.Uwp.Notifications\Microsoft.Toolkit.Uwp.Notifications.csproj", "{A6995ABF-3BF7-4F8D-A584-63F5831D2A88}"
EndProject
Global
	GlobalSection(SolutionConfigurationPlatforms) = preSolution
		Debug|Any CPU = Debug|Any CPU
		Debug|ARM = Debug|ARM
		Debug|ARM64 = Debug|ARM64
		Debug|x64 = Debug|x64
		Debug|x86 = Debug|x86
		Release|Any CPU = Release|Any CPU
		Release|ARM = Release|ARM
		Release|ARM64 = Release|ARM64
		Release|x64 = Release|x64
		Release|x86 = Release|x86
	EndGlobalSection
	GlobalSection(ProjectConfigurationPlatforms) = postSolution
		{28B03118-53BB-4914-A1C0-F3CD55786CE3}.Debug|Any CPU.ActiveCfg = Debug|x86
		{28B03118-53BB-4914-A1C0-F3CD55786CE3}.Debug|ARM.ActiveCfg = Debug|ARM
		{28B03118-53BB-4914-A1C0-F3CD55786CE3}.Debug|ARM.Build.0 = Debug|ARM
		{28B03118-53BB-4914-A1C0-F3CD55786CE3}.Debug|ARM.Deploy.0 = Debug|ARM
		{28B03118-53BB-4914-A1C0-F3CD55786CE3}.Debug|ARM64.ActiveCfg = Debug|ARM64
		{28B03118-53BB-4914-A1C0-F3CD55786CE3}.Debug|ARM64.Build.0 = Debug|ARM64
		{28B03118-53BB-4914-A1C0-F3CD55786CE3}.Debug|ARM64.Deploy.0 = Debug|ARM64
		{28B03118-53BB-4914-A1C0-F3CD55786CE3}.Debug|x64.ActiveCfg = Debug|x64
		{28B03118-53BB-4914-A1C0-F3CD55786CE3}.Debug|x64.Build.0 = Debug|x64
		{28B03118-53BB-4914-A1C0-F3CD55786CE3}.Debug|x64.Deploy.0 = Debug|x64
		{28B03118-53BB-4914-A1C0-F3CD55786CE3}.Debug|x86.ActiveCfg = Debug|x86
		{28B03118-53BB-4914-A1C0-F3CD55786CE3}.Debug|x86.Build.0 = Debug|x86
		{28B03118-53BB-4914-A1C0-F3CD55786CE3}.Debug|x86.Deploy.0 = Debug|x86
		{28B03118-53BB-4914-A1C0-F3CD55786CE3}.Release|Any CPU.ActiveCfg = Release|x86
		{28B03118-53BB-4914-A1C0-F3CD55786CE3}.Release|ARM.ActiveCfg = Release|ARM
		{28B03118-53BB-4914-A1C0-F3CD55786CE3}.Release|ARM.Build.0 = Release|ARM
		{28B03118-53BB-4914-A1C0-F3CD55786CE3}.Release|ARM.Deploy.0 = Release|ARM
		{28B03118-53BB-4914-A1C0-F3CD55786CE3}.Release|ARM64.ActiveCfg = Release|ARM64
		{28B03118-53BB-4914-A1C0-F3CD55786CE3}.Release|ARM64.Build.0 = Release|ARM64
		{28B03118-53BB-4914-A1C0-F3CD55786CE3}.Release|ARM64.Deploy.0 = Release|ARM64
		{28B03118-53BB-4914-A1C0-F3CD55786CE3}.Release|x64.ActiveCfg = Release|x64
		{28B03118-53BB-4914-A1C0-F3CD55786CE3}.Release|x64.Build.0 = Release|x64
		{28B03118-53BB-4914-A1C0-F3CD55786CE3}.Release|x64.Deploy.0 = Release|x64
		{28B03118-53BB-4914-A1C0-F3CD55786CE3}.Release|x86.ActiveCfg = Release|x86
		{28B03118-53BB-4914-A1C0-F3CD55786CE3}.Release|x86.Build.0 = Release|x86
		{28B03118-53BB-4914-A1C0-F3CD55786CE3}.Release|x86.Deploy.0 = Release|x86
		{001D1687-3E63-4B1A-8D4C-A9BB3631A511}.Debug|Any CPU.ActiveCfg = Debug|Any CPU
		{001D1687-3E63-4B1A-8D4C-A9BB3631A511}.Debug|Any CPU.Build.0 = Debug|Any CPU
		{001D1687-3E63-4B1A-8D4C-A9BB3631A511}.Debug|ARM.ActiveCfg = Debug|Any CPU
		{001D1687-3E63-4B1A-8D4C-A9BB3631A511}.Debug|ARM.Build.0 = Debug|Any CPU
		{001D1687-3E63-4B1A-8D4C-A9BB3631A511}.Debug|ARM64.ActiveCfg = Debug|Any CPU
		{001D1687-3E63-4B1A-8D4C-A9BB3631A511}.Debug|ARM64.Build.0 = Debug|Any CPU
		{001D1687-3E63-4B1A-8D4C-A9BB3631A511}.Debug|x64.ActiveCfg = Debug|Any CPU
		{001D1687-3E63-4B1A-8D4C-A9BB3631A511}.Debug|x64.Build.0 = Debug|Any CPU
		{001D1687-3E63-4B1A-8D4C-A9BB3631A511}.Debug|x86.ActiveCfg = Debug|Any CPU
		{001D1687-3E63-4B1A-8D4C-A9BB3631A511}.Debug|x86.Build.0 = Debug|Any CPU
		{001D1687-3E63-4B1A-8D4C-A9BB3631A511}.Release|Any CPU.ActiveCfg = Release|Any CPU
		{001D1687-3E63-4B1A-8D4C-A9BB3631A511}.Release|Any CPU.Build.0 = Release|Any CPU
		{001D1687-3E63-4B1A-8D4C-A9BB3631A511}.Release|ARM.ActiveCfg = Release|Any CPU
		{001D1687-3E63-4B1A-8D4C-A9BB3631A511}.Release|ARM.Build.0 = Release|Any CPU
		{001D1687-3E63-4B1A-8D4C-A9BB3631A511}.Release|ARM64.ActiveCfg = Release|Any CPU
		{001D1687-3E63-4B1A-8D4C-A9BB3631A511}.Release|ARM64.Build.0 = Release|Any CPU
		{001D1687-3E63-4B1A-8D4C-A9BB3631A511}.Release|x64.ActiveCfg = Release|Any CPU
		{001D1687-3E63-4B1A-8D4C-A9BB3631A511}.Release|x64.Build.0 = Release|Any CPU
		{001D1687-3E63-4B1A-8D4C-A9BB3631A511}.Release|x86.ActiveCfg = Release|Any CPU
		{001D1687-3E63-4B1A-8D4C-A9BB3631A511}.Release|x86.Build.0 = Release|Any CPU
		{1AD7F6E4-AF6F-49EF-B34A-DDF1C1A8A552}.Debug|Any CPU.ActiveCfg = Debug|Any CPU
		{1AD7F6E4-AF6F-49EF-B34A-DDF1C1A8A552}.Debug|Any CPU.Build.0 = Debug|Any CPU
		{1AD7F6E4-AF6F-49EF-B34A-DDF1C1A8A552}.Debug|ARM.ActiveCfg = Debug|Any CPU
		{1AD7F6E4-AF6F-49EF-B34A-DDF1C1A8A552}.Debug|ARM.Build.0 = Debug|Any CPU
		{1AD7F6E4-AF6F-49EF-B34A-DDF1C1A8A552}.Debug|ARM64.ActiveCfg = Debug|Any CPU
		{1AD7F6E4-AF6F-49EF-B34A-DDF1C1A8A552}.Debug|ARM64.Build.0 = Debug|Any CPU
		{1AD7F6E4-AF6F-49EF-B34A-DDF1C1A8A552}.Debug|x64.ActiveCfg = Debug|Any CPU
		{1AD7F6E4-AF6F-49EF-B34A-DDF1C1A8A552}.Debug|x64.Build.0 = Debug|Any CPU
		{1AD7F6E4-AF6F-49EF-B34A-DDF1C1A8A552}.Debug|x86.ActiveCfg = Debug|Any CPU
		{1AD7F6E4-AF6F-49EF-B34A-DDF1C1A8A552}.Debug|x86.Build.0 = Debug|Any CPU
		{1AD7F6E4-AF6F-49EF-B34A-DDF1C1A8A552}.Release|Any CPU.ActiveCfg = Release|Any CPU
		{1AD7F6E4-AF6F-49EF-B34A-DDF1C1A8A552}.Release|Any CPU.Build.0 = Release|Any CPU
		{1AD7F6E4-AF6F-49EF-B34A-DDF1C1A8A552}.Release|ARM.ActiveCfg = Release|Any CPU
		{1AD7F6E4-AF6F-49EF-B34A-DDF1C1A8A552}.Release|ARM.Build.0 = Release|Any CPU
		{1AD7F6E4-AF6F-49EF-B34A-DDF1C1A8A552}.Release|ARM64.ActiveCfg = Release|Any CPU
		{1AD7F6E4-AF6F-49EF-B34A-DDF1C1A8A552}.Release|ARM64.Build.0 = Release|Any CPU
		{1AD7F6E4-AF6F-49EF-B34A-DDF1C1A8A552}.Release|x64.ActiveCfg = Release|Any CPU
		{1AD7F6E4-AF6F-49EF-B34A-DDF1C1A8A552}.Release|x64.Build.0 = Release|Any CPU
		{1AD7F6E4-AF6F-49EF-B34A-DDF1C1A8A552}.Release|x86.ActiveCfg = Release|Any CPU
		{1AD7F6E4-AF6F-49EF-B34A-DDF1C1A8A552}.Release|x86.Build.0 = Release|Any CPU
		{F93632AC-32F7-48BA-ACAD-931193219710}.Debug|Any CPU.ActiveCfg = Debug|Any CPU
		{F93632AC-32F7-48BA-ACAD-931193219710}.Debug|Any CPU.Build.0 = Debug|Any CPU
		{F93632AC-32F7-48BA-ACAD-931193219710}.Debug|ARM.ActiveCfg = Debug|Any CPU
		{F93632AC-32F7-48BA-ACAD-931193219710}.Debug|ARM.Build.0 = Debug|Any CPU
		{F93632AC-32F7-48BA-ACAD-931193219710}.Debug|ARM64.ActiveCfg = Debug|Any CPU
		{F93632AC-32F7-48BA-ACAD-931193219710}.Debug|ARM64.Build.0 = Debug|Any CPU
		{F93632AC-32F7-48BA-ACAD-931193219710}.Debug|x64.ActiveCfg = Debug|Any CPU
		{F93632AC-32F7-48BA-ACAD-931193219710}.Debug|x64.Build.0 = Debug|Any CPU
		{F93632AC-32F7-48BA-ACAD-931193219710}.Debug|x86.ActiveCfg = Debug|Any CPU
		{F93632AC-32F7-48BA-ACAD-931193219710}.Debug|x86.Build.0 = Debug|Any CPU
		{F93632AC-32F7-48BA-ACAD-931193219710}.Release|Any CPU.ActiveCfg = Release|Any CPU
		{F93632AC-32F7-48BA-ACAD-931193219710}.Release|Any CPU.Build.0 = Release|Any CPU
		{F93632AC-32F7-48BA-ACAD-931193219710}.Release|ARM.ActiveCfg = Release|Any CPU
		{F93632AC-32F7-48BA-ACAD-931193219710}.Release|ARM.Build.0 = Release|Any CPU
		{F93632AC-32F7-48BA-ACAD-931193219710}.Release|ARM64.ActiveCfg = Release|Any CPU
		{F93632AC-32F7-48BA-ACAD-931193219710}.Release|ARM64.Build.0 = Release|Any CPU
		{F93632AC-32F7-48BA-ACAD-931193219710}.Release|x64.ActiveCfg = Release|Any CPU
		{F93632AC-32F7-48BA-ACAD-931193219710}.Release|x64.Build.0 = Release|Any CPU
		{F93632AC-32F7-48BA-ACAD-931193219710}.Release|x86.ActiveCfg = Release|Any CPU
		{F93632AC-32F7-48BA-ACAD-931193219710}.Release|x86.Build.0 = Release|Any CPU
		{EEF324EB-2E17-4607-A769-40D71ECA4B6D}.Debug|Any CPU.ActiveCfg = Debug|Any CPU
		{EEF324EB-2E17-4607-A769-40D71ECA4B6D}.Debug|Any CPU.Build.0 = Debug|Any CPU
		{EEF324EB-2E17-4607-A769-40D71ECA4B6D}.Debug|ARM.ActiveCfg = Debug|Any CPU
		{EEF324EB-2E17-4607-A769-40D71ECA4B6D}.Debug|ARM.Build.0 = Debug|Any CPU
		{EEF324EB-2E17-4607-A769-40D71ECA4B6D}.Debug|ARM64.ActiveCfg = Debug|Any CPU
		{EEF324EB-2E17-4607-A769-40D71ECA4B6D}.Debug|ARM64.Build.0 = Debug|Any CPU
		{EEF324EB-2E17-4607-A769-40D71ECA4B6D}.Debug|x64.ActiveCfg = Debug|Any CPU
		{EEF324EB-2E17-4607-A769-40D71ECA4B6D}.Debug|x64.Build.0 = Debug|Any CPU
		{EEF324EB-2E17-4607-A769-40D71ECA4B6D}.Debug|x86.ActiveCfg = Debug|Any CPU
		{EEF324EB-2E17-4607-A769-40D71ECA4B6D}.Debug|x86.Build.0 = Debug|Any CPU
		{EEF324EB-2E17-4607-A769-40D71ECA4B6D}.Release|Any CPU.ActiveCfg = Release|Any CPU
		{EEF324EB-2E17-4607-A769-40D71ECA4B6D}.Release|Any CPU.Build.0 = Release|Any CPU
		{EEF324EB-2E17-4607-A769-40D71ECA4B6D}.Release|ARM.ActiveCfg = Release|Any CPU
		{EEF324EB-2E17-4607-A769-40D71ECA4B6D}.Release|ARM.Build.0 = Release|Any CPU
		{EEF324EB-2E17-4607-A769-40D71ECA4B6D}.Release|ARM64.ActiveCfg = Release|Any CPU
		{EEF324EB-2E17-4607-A769-40D71ECA4B6D}.Release|ARM64.Build.0 = Release|Any CPU
		{EEF324EB-2E17-4607-A769-40D71ECA4B6D}.Release|x64.ActiveCfg = Release|Any CPU
		{EEF324EB-2E17-4607-A769-40D71ECA4B6D}.Release|x64.Build.0 = Release|Any CPU
		{EEF324EB-2E17-4607-A769-40D71ECA4B6D}.Release|x86.ActiveCfg = Release|Any CPU
		{EEF324EB-2E17-4607-A769-40D71ECA4B6D}.Release|x86.Build.0 = Release|Any CPU
		{F2D75DE7-964A-4727-980B-A9AA3B0F0B32}.Debug|Any CPU.ActiveCfg = Debug|Any CPU
		{F2D75DE7-964A-4727-980B-A9AA3B0F0B32}.Debug|Any CPU.Build.0 = Debug|Any CPU
		{F2D75DE7-964A-4727-980B-A9AA3B0F0B32}.Debug|ARM.ActiveCfg = Debug|Any CPU
		{F2D75DE7-964A-4727-980B-A9AA3B0F0B32}.Debug|ARM.Build.0 = Debug|Any CPU
		{F2D75DE7-964A-4727-980B-A9AA3B0F0B32}.Debug|ARM64.ActiveCfg = Debug|Any CPU
		{F2D75DE7-964A-4727-980B-A9AA3B0F0B32}.Debug|ARM64.Build.0 = Debug|Any CPU
		{F2D75DE7-964A-4727-980B-A9AA3B0F0B32}.Debug|x64.ActiveCfg = Debug|Any CPU
		{F2D75DE7-964A-4727-980B-A9AA3B0F0B32}.Debug|x64.Build.0 = Debug|Any CPU
		{F2D75DE7-964A-4727-980B-A9AA3B0F0B32}.Debug|x86.ActiveCfg = Debug|Any CPU
		{F2D75DE7-964A-4727-980B-A9AA3B0F0B32}.Debug|x86.Build.0 = Debug|Any CPU
		{F2D75DE7-964A-4727-980B-A9AA3B0F0B32}.Release|Any CPU.ActiveCfg = Release|Any CPU
		{F2D75DE7-964A-4727-980B-A9AA3B0F0B32}.Release|Any CPU.Build.0 = Release|Any CPU
		{F2D75DE7-964A-4727-980B-A9AA3B0F0B32}.Release|ARM.ActiveCfg = Release|Any CPU
		{F2D75DE7-964A-4727-980B-A9AA3B0F0B32}.Release|ARM.Build.0 = Release|Any CPU
		{F2D75DE7-964A-4727-980B-A9AA3B0F0B32}.Release|ARM64.ActiveCfg = Release|Any CPU
		{F2D75DE7-964A-4727-980B-A9AA3B0F0B32}.Release|ARM64.Build.0 = Release|Any CPU
		{F2D75DE7-964A-4727-980B-A9AA3B0F0B32}.Release|x64.ActiveCfg = Release|Any CPU
		{F2D75DE7-964A-4727-980B-A9AA3B0F0B32}.Release|x64.Build.0 = Release|Any CPU
		{F2D75DE7-964A-4727-980B-A9AA3B0F0B32}.Release|x86.ActiveCfg = Release|Any CPU
		{F2D75DE7-964A-4727-980B-A9AA3B0F0B32}.Release|x86.Build.0 = Release|Any CPU
		{6DAC036C-4F1F-490C-8857-A147EBD1B8A9}.Debug|Any CPU.ActiveCfg = Debug|Any CPU
		{6DAC036C-4F1F-490C-8857-A147EBD1B8A9}.Debug|Any CPU.Build.0 = Debug|Any CPU
		{6DAC036C-4F1F-490C-8857-A147EBD1B8A9}.Debug|ARM.ActiveCfg = Debug|Any CPU
		{6DAC036C-4F1F-490C-8857-A147EBD1B8A9}.Debug|ARM.Build.0 = Debug|Any CPU
		{6DAC036C-4F1F-490C-8857-A147EBD1B8A9}.Debug|ARM64.ActiveCfg = Debug|Any CPU
		{6DAC036C-4F1F-490C-8857-A147EBD1B8A9}.Debug|ARM64.Build.0 = Debug|Any CPU
		{6DAC036C-4F1F-490C-8857-A147EBD1B8A9}.Debug|x64.ActiveCfg = Debug|Any CPU
		{6DAC036C-4F1F-490C-8857-A147EBD1B8A9}.Debug|x64.Build.0 = Debug|Any CPU
		{6DAC036C-4F1F-490C-8857-A147EBD1B8A9}.Debug|x86.ActiveCfg = Debug|Any CPU
		{6DAC036C-4F1F-490C-8857-A147EBD1B8A9}.Debug|x86.Build.0 = Debug|Any CPU
		{6DAC036C-4F1F-490C-8857-A147EBD1B8A9}.Release|Any CPU.ActiveCfg = Release|Any CPU
		{6DAC036C-4F1F-490C-8857-A147EBD1B8A9}.Release|Any CPU.Build.0 = Release|Any CPU
		{6DAC036C-4F1F-490C-8857-A147EBD1B8A9}.Release|ARM.ActiveCfg = Release|Any CPU
		{6DAC036C-4F1F-490C-8857-A147EBD1B8A9}.Release|ARM.Build.0 = Release|Any CPU
		{6DAC036C-4F1F-490C-8857-A147EBD1B8A9}.Release|ARM64.ActiveCfg = Release|Any CPU
		{6DAC036C-4F1F-490C-8857-A147EBD1B8A9}.Release|ARM64.Build.0 = Release|Any CPU
		{6DAC036C-4F1F-490C-8857-A147EBD1B8A9}.Release|x64.ActiveCfg = Release|Any CPU
		{6DAC036C-4F1F-490C-8857-A147EBD1B8A9}.Release|x64.Build.0 = Release|Any CPU
		{6DAC036C-4F1F-490C-8857-A147EBD1B8A9}.Release|x86.ActiveCfg = Release|Any CPU
		{6DAC036C-4F1F-490C-8857-A147EBD1B8A9}.Release|x86.Build.0 = Release|Any CPU
		{120D400D-3195-462B-907C-B8F846865002}.Debug|Any CPU.ActiveCfg = Debug|Any CPU
		{120D400D-3195-462B-907C-B8F846865002}.Debug|Any CPU.Build.0 = Debug|Any CPU
		{120D400D-3195-462B-907C-B8F846865002}.Debug|ARM.ActiveCfg = Debug|Any CPU
		{120D400D-3195-462B-907C-B8F846865002}.Debug|ARM.Build.0 = Debug|Any CPU
		{120D400D-3195-462B-907C-B8F846865002}.Debug|ARM64.ActiveCfg = Debug|Any CPU
		{120D400D-3195-462B-907C-B8F846865002}.Debug|ARM64.Build.0 = Debug|Any CPU
		{120D400D-3195-462B-907C-B8F846865002}.Debug|x64.ActiveCfg = Debug|Any CPU
		{120D400D-3195-462B-907C-B8F846865002}.Debug|x64.Build.0 = Debug|Any CPU
		{120D400D-3195-462B-907C-B8F846865002}.Debug|x86.ActiveCfg = Debug|Any CPU
		{120D400D-3195-462B-907C-B8F846865002}.Debug|x86.Build.0 = Debug|Any CPU
		{120D400D-3195-462B-907C-B8F846865002}.Release|Any CPU.ActiveCfg = Release|Any CPU
		{120D400D-3195-462B-907C-B8F846865002}.Release|Any CPU.Build.0 = Release|Any CPU
		{120D400D-3195-462B-907C-B8F846865002}.Release|ARM.ActiveCfg = Release|Any CPU
		{120D400D-3195-462B-907C-B8F846865002}.Release|ARM.Build.0 = Release|Any CPU
		{120D400D-3195-462B-907C-B8F846865002}.Release|ARM64.ActiveCfg = Release|Any CPU
		{120D400D-3195-462B-907C-B8F846865002}.Release|ARM64.Build.0 = Release|Any CPU
		{120D400D-3195-462B-907C-B8F846865002}.Release|x64.ActiveCfg = Release|Any CPU
		{120D400D-3195-462B-907C-B8F846865002}.Release|x64.Build.0 = Release|Any CPU
		{120D400D-3195-462B-907C-B8F846865002}.Release|x86.ActiveCfg = Release|Any CPU
		{120D400D-3195-462B-907C-B8F846865002}.Release|x86.Build.0 = Release|Any CPU
		{083A5354-657B-4C9F-8805-467D4B546D3E}.Debug|Any CPU.ActiveCfg = Debug|Any CPU
		{083A5354-657B-4C9F-8805-467D4B546D3E}.Debug|Any CPU.Build.0 = Debug|Any CPU
		{083A5354-657B-4C9F-8805-467D4B546D3E}.Debug|ARM.ActiveCfg = Debug|Any CPU
		{083A5354-657B-4C9F-8805-467D4B546D3E}.Debug|ARM.Build.0 = Debug|Any CPU
		{083A5354-657B-4C9F-8805-467D4B546D3E}.Debug|ARM64.ActiveCfg = Debug|Any CPU
		{083A5354-657B-4C9F-8805-467D4B546D3E}.Debug|ARM64.Build.0 = Debug|Any CPU
		{083A5354-657B-4C9F-8805-467D4B546D3E}.Debug|x64.ActiveCfg = Debug|Any CPU
		{083A5354-657B-4C9F-8805-467D4B546D3E}.Debug|x64.Build.0 = Debug|Any CPU
		{083A5354-657B-4C9F-8805-467D4B546D3E}.Debug|x86.ActiveCfg = Debug|Any CPU
		{083A5354-657B-4C9F-8805-467D4B546D3E}.Debug|x86.Build.0 = Debug|Any CPU
		{083A5354-657B-4C9F-8805-467D4B546D3E}.Release|Any CPU.ActiveCfg = Release|Any CPU
		{083A5354-657B-4C9F-8805-467D4B546D3E}.Release|Any CPU.Build.0 = Release|Any CPU
		{083A5354-657B-4C9F-8805-467D4B546D3E}.Release|ARM.ActiveCfg = Release|Any CPU
		{083A5354-657B-4C9F-8805-467D4B546D3E}.Release|ARM.Build.0 = Release|Any CPU
		{083A5354-657B-4C9F-8805-467D4B546D3E}.Release|ARM64.ActiveCfg = Release|Any CPU
		{083A5354-657B-4C9F-8805-467D4B546D3E}.Release|ARM64.Build.0 = Release|Any CPU
		{083A5354-657B-4C9F-8805-467D4B546D3E}.Release|x64.ActiveCfg = Release|Any CPU
		{083A5354-657B-4C9F-8805-467D4B546D3E}.Release|x64.Build.0 = Release|Any CPU
		{083A5354-657B-4C9F-8805-467D4B546D3E}.Release|x86.ActiveCfg = Release|Any CPU
		{083A5354-657B-4C9F-8805-467D4B546D3E}.Release|x86.Build.0 = Release|Any CPU
		{0CA3F020-2957-4465-83B5-55537C0BCAB9}.Debug|Any CPU.ActiveCfg = Debug|Any CPU
		{0CA3F020-2957-4465-83B5-55537C0BCAB9}.Debug|Any CPU.Build.0 = Debug|Any CPU
		{0CA3F020-2957-4465-83B5-55537C0BCAB9}.Debug|ARM.ActiveCfg = Debug|Any CPU
		{0CA3F020-2957-4465-83B5-55537C0BCAB9}.Debug|ARM.Build.0 = Debug|Any CPU
		{0CA3F020-2957-4465-83B5-55537C0BCAB9}.Debug|ARM64.ActiveCfg = Debug|Any CPU
		{0CA3F020-2957-4465-83B5-55537C0BCAB9}.Debug|ARM64.Build.0 = Debug|Any CPU
		{0CA3F020-2957-4465-83B5-55537C0BCAB9}.Debug|x64.ActiveCfg = Debug|Any CPU
		{0CA3F020-2957-4465-83B5-55537C0BCAB9}.Debug|x64.Build.0 = Debug|Any CPU
		{0CA3F020-2957-4465-83B5-55537C0BCAB9}.Debug|x86.ActiveCfg = Debug|Any CPU
		{0CA3F020-2957-4465-83B5-55537C0BCAB9}.Debug|x86.Build.0 = Debug|Any CPU
		{0CA3F020-2957-4465-83B5-55537C0BCAB9}.Release|Any CPU.ActiveCfg = Release|Any CPU
		{0CA3F020-2957-4465-83B5-55537C0BCAB9}.Release|Any CPU.Build.0 = Release|Any CPU
		{0CA3F020-2957-4465-83B5-55537C0BCAB9}.Release|ARM.ActiveCfg = Release|Any CPU
		{0CA3F020-2957-4465-83B5-55537C0BCAB9}.Release|ARM.Build.0 = Release|Any CPU
		{0CA3F020-2957-4465-83B5-55537C0BCAB9}.Release|ARM64.ActiveCfg = Release|Any CPU
		{0CA3F020-2957-4465-83B5-55537C0BCAB9}.Release|ARM64.Build.0 = Release|Any CPU
		{0CA3F020-2957-4465-83B5-55537C0BCAB9}.Release|x64.ActiveCfg = Release|Any CPU
		{0CA3F020-2957-4465-83B5-55537C0BCAB9}.Release|x64.Build.0 = Release|Any CPU
		{0CA3F020-2957-4465-83B5-55537C0BCAB9}.Release|x86.ActiveCfg = Release|Any CPU
		{0CA3F020-2957-4465-83B5-55537C0BCAB9}.Release|x86.Build.0 = Release|Any CPU
		{F73E00D5-9B4C-42B5-8C1D-2699C108352D}.Debug|Any CPU.ActiveCfg = Debug|Any CPU
		{F73E00D5-9B4C-42B5-8C1D-2699C108352D}.Debug|Any CPU.Build.0 = Debug|Any CPU
		{F73E00D5-9B4C-42B5-8C1D-2699C108352D}.Debug|ARM.ActiveCfg = Debug|Any CPU
		{F73E00D5-9B4C-42B5-8C1D-2699C108352D}.Debug|ARM.Build.0 = Debug|Any CPU
		{F73E00D5-9B4C-42B5-8C1D-2699C108352D}.Debug|ARM64.ActiveCfg = Debug|Any CPU
		{F73E00D5-9B4C-42B5-8C1D-2699C108352D}.Debug|ARM64.Build.0 = Debug|Any CPU
		{F73E00D5-9B4C-42B5-8C1D-2699C108352D}.Debug|x64.ActiveCfg = Debug|Any CPU
		{F73E00D5-9B4C-42B5-8C1D-2699C108352D}.Debug|x64.Build.0 = Debug|Any CPU
		{F73E00D5-9B4C-42B5-8C1D-2699C108352D}.Debug|x86.ActiveCfg = Debug|Any CPU
		{F73E00D5-9B4C-42B5-8C1D-2699C108352D}.Debug|x86.Build.0 = Debug|Any CPU
		{F73E00D5-9B4C-42B5-8C1D-2699C108352D}.Release|Any CPU.ActiveCfg = Release|Any CPU
		{F73E00D5-9B4C-42B5-8C1D-2699C108352D}.Release|Any CPU.Build.0 = Release|Any CPU
		{F73E00D5-9B4C-42B5-8C1D-2699C108352D}.Release|ARM.ActiveCfg = Release|Any CPU
		{F73E00D5-9B4C-42B5-8C1D-2699C108352D}.Release|ARM.Build.0 = Release|Any CPU
		{F73E00D5-9B4C-42B5-8C1D-2699C108352D}.Release|ARM64.ActiveCfg = Release|Any CPU
		{F73E00D5-9B4C-42B5-8C1D-2699C108352D}.Release|ARM64.Build.0 = Release|Any CPU
		{F73E00D5-9B4C-42B5-8C1D-2699C108352D}.Release|x64.ActiveCfg = Release|Any CPU
		{F73E00D5-9B4C-42B5-8C1D-2699C108352D}.Release|x64.Build.0 = Release|Any CPU
		{F73E00D5-9B4C-42B5-8C1D-2699C108352D}.Release|x86.ActiveCfg = Release|Any CPU
		{F73E00D5-9B4C-42B5-8C1D-2699C108352D}.Release|x86.Build.0 = Release|Any CPU
		{A6995ABF-3BF7-4F8D-A584-63F5831D2A88}.Debug|Any CPU.ActiveCfg = Debug|Any CPU
		{A6995ABF-3BF7-4F8D-A584-63F5831D2A88}.Debug|Any CPU.Build.0 = Debug|Any CPU
		{A6995ABF-3BF7-4F8D-A584-63F5831D2A88}.Debug|ARM.ActiveCfg = Debug|Any CPU
		{A6995ABF-3BF7-4F8D-A584-63F5831D2A88}.Debug|ARM.Build.0 = Debug|Any CPU
		{A6995ABF-3BF7-4F8D-A584-63F5831D2A88}.Debug|ARM64.ActiveCfg = Debug|Any CPU
		{A6995ABF-3BF7-4F8D-A584-63F5831D2A88}.Debug|ARM64.Build.0 = Debug|Any CPU
		{A6995ABF-3BF7-4F8D-A584-63F5831D2A88}.Debug|x64.ActiveCfg = Debug|Any CPU
		{A6995ABF-3BF7-4F8D-A584-63F5831D2A88}.Debug|x64.Build.0 = Debug|Any CPU
		{A6995ABF-3BF7-4F8D-A584-63F5831D2A88}.Debug|x86.ActiveCfg = Debug|Any CPU
		{A6995ABF-3BF7-4F8D-A584-63F5831D2A88}.Debug|x86.Build.0 = Debug|Any CPU
		{A6995ABF-3BF7-4F8D-A584-63F5831D2A88}.Release|Any CPU.ActiveCfg = Release|Any CPU
		{A6995ABF-3BF7-4F8D-A584-63F5831D2A88}.Release|Any CPU.Build.0 = Release|Any CPU
		{A6995ABF-3BF7-4F8D-A584-63F5831D2A88}.Release|ARM.ActiveCfg = Release|Any CPU
		{A6995ABF-3BF7-4F8D-A584-63F5831D2A88}.Release|ARM.Build.0 = Release|Any CPU
		{A6995ABF-3BF7-4F8D-A584-63F5831D2A88}.Release|ARM64.ActiveCfg = Release|Any CPU
		{A6995ABF-3BF7-4F8D-A584-63F5831D2A88}.Release|ARM64.Build.0 = Release|Any CPU
		{A6995ABF-3BF7-4F8D-A584-63F5831D2A88}.Release|x64.ActiveCfg = Release|Any CPU
		{A6995ABF-3BF7-4F8D-A584-63F5831D2A88}.Release|x64.Build.0 = Release|Any CPU
		{A6995ABF-3BF7-4F8D-A584-63F5831D2A88}.Release|x86.ActiveCfg = Release|Any CPU
		{A6995ABF-3BF7-4F8D-A584-63F5831D2A88}.Release|x86.Build.0 = Release|Any CPU
	EndGlobalSection
	GlobalSection(SolutionProperties) = preSolution
		HideSolutionNode = FALSE
	EndGlobalSection
	GlobalSection(NestedProjects) = preSolution
		{001D1687-3E63-4B1A-8D4C-A9BB3631A511} = {E432C8EA-A01C-4A83-AF73-B0CCCA0DB2E3}
		{D1A49116-7A2D-468A-9465-70E674DF9D87} = {E432C8EA-A01C-4A83-AF73-B0CCCA0DB2E3}
		{1AD7F6E4-AF6F-49EF-B34A-DDF1C1A8A552} = {D1A49116-7A2D-468A-9465-70E674DF9D87}
		{F93632AC-32F7-48BA-ACAD-931193219710} = {D1A49116-7A2D-468A-9465-70E674DF9D87}
		{EEF324EB-2E17-4607-A769-40D71ECA4B6D} = {D1A49116-7A2D-468A-9465-70E674DF9D87}
		{F2D75DE7-964A-4727-980B-A9AA3B0F0B32} = {D1A49116-7A2D-468A-9465-70E674DF9D87}
		{6DAC036C-4F1F-490C-8857-A147EBD1B8A9} = {D1A49116-7A2D-468A-9465-70E674DF9D87}
		{9CA7715B-7F0E-4947-9D64-C04E3DE39F48} = {E432C8EA-A01C-4A83-AF73-B0CCCA0DB2E3}
		{120D400D-3195-462B-907C-B8F846865002} = {9CA7715B-7F0E-4947-9D64-C04E3DE39F48}
		{083A5354-657B-4C9F-8805-467D4B546D3E} = {9CA7715B-7F0E-4947-9D64-C04E3DE39F48}
		{0CA3F020-2957-4465-83B5-55537C0BCAB9} = {D1A49116-7A2D-468A-9465-70E674DF9D87}
		{F73E00D5-9B4C-42B5-8C1D-2699C108352D} = {D1A49116-7A2D-468A-9465-70E674DF9D87}
		{A6995ABF-3BF7-4F8D-A584-63F5831D2A88} = {D1A49116-7A2D-468A-9465-70E674DF9D87}
	EndGlobalSection
	GlobalSection(ExtensibilityGlobals) = postSolution
		SolutionGuid = {F5C1C97E-ABB1-4869-9EDC-DCD85B98AEBB}
	EndGlobalSection
EndGlobal
